
Microsoft Visual Studio Solution File, Format Version 12.00
# Visual Studio 15
VisualStudioVersion = 15.0.28307.1145
MinimumVisualStudioVersion = 10.0.40219.1
Project("{FAE04EC0-301F-11D3-BF4B-00C04F79EFBC}") = "MyLeetCode", "MyLeetCode\MyLeetCode.csproj", "{61085BBA-E0B4-4FBC-B9FE-485C14FE745F}"
EndProject
Global
	GlobalSection(SolutionConfigurationPlatforms) = preSolution
		Debug|Any CPU = Debug|Any CPU
		Release|Any CPU = Release|Any CPU
	EndGlobalSection
	GlobalSection(ProjectConfigurationPlatforms) = postSolution
		{61085BBA-E0B4-4FBC-B9FE-485C14FE745F}.Debug|Any CPU.ActiveCfg = Debug|Any CPU
		{61085BBA-E0B4-4FBC-B9FE-485C14FE745F}.Debug|Any CPU.Build.0 = Debug|Any CPU
		{61085BBA-E0B4-4FBC-B9FE-485C14FE745F}.Release|Any CPU.ActiveCfg = Release|Any CPU
		{61085BBA-E0B4-4FBC-B9FE-485C14FE745F}.Release|Any CPU.Build.0 = Release|Any CPU
	EndGlobalSection
	GlobalSection(SolutionProperties) = preSolution
		HideSolutionNode = FALSE
	EndGlobalSection
	GlobalSection(ExtensibilityGlobals) = postSolution
		SolutionGuid = {0BA1A862-19EF-41DD-B21F-4A847421EE9B}
	EndGlobalSection
EndGlobal
